
Microsoft Visual Studio Solution File, Format Version 12.00
# Visual Studio Version 16
VisualStudioVersion = 16.0.31005.135
MinimumVisualStudioVersion = 10.0.40219.1
Project("{FAE04EC0-301F-11D3-BF4B-00C04F79EFBC}") = "Scheduler01", "Scheduler01\Scheduler01.csproj", "{FDE22719-5FF8-4309-882D-7D4A3EF5F912}"
EndProject
Global
	GlobalSection(SolutionConfigurationPlatforms) = preSolution
		Debug|Any CPU = Debug|Any CPU
		Release|Any CPU = Release|Any CPU
	EndGlobalSection
	GlobalSection(ProjectConfigurationPlatforms) = postSolution
		{FDE22719-5FF8-4309-882D-7D4A3EF5F912}.Debug|Any CPU.ActiveCfg = Debug|Any CPU
		{FDE22719-5FF8-4309-882D-7D4A3EF5F912}.Debug|Any CPU.Build.0 = Debug|Any CPU
		{FDE22719-5FF8-4309-882D-7D4A3EF5F912}.Release|Any CPU.ActiveCfg = Release|Any CPU
		{FDE22719-5FF8-4309-882D-7D4A3EF5F912}.Release|Any CPU.Build.0 = Release|Any CPU
	EndGlobalSection
	GlobalSection(SolutionProperties) = preSolution
		HideSolutionNode = FALSE
	EndGlobalSection
	GlobalSection(ExtensibilityGlobals) = postSolution
		SolutionGuid = {1E7FB3DB-F591-4CBA-9A31-60A5298B1BB0}
	EndGlobalSection
EndGlobal
